
Microsoft Visual Studio Solution File, Format Version 12.00
# Visual Studio Version 17
VisualStudioVersion = 17.13.35931.197 d17.13
MinimumVisualStudioVersion = 10.0.40219.1
Project("{FAE04EC0-301F-11D3-BF4B-00C04F79EFBC}") = "PolicyPro360", "PolicyPro360\PolicyPro360.csproj", "{B67F82C7-0A31-41A4-BDA5-289871761A27}"
EndProject
Global
	GlobalSection(SolutionConfigurationPlatforms) = preSolution
		Debug|Any CPU = Debug|Any CPU
		Release|Any CPU = Release|Any CPU
	EndGlobalSection
	GlobalSection(ProjectConfigurationPlatforms) = postSolution
		{B67F82C7-0A31-41A4-BDA5-289871761A27}.Debug|Any CPU.ActiveCfg = Debug|Any CPU
		{B67F82C7-0A31-41A4-BDA5-289871761A27}.Debug|Any CPU.Build.0 = Debug|Any CPU
		{B67F82C7-0A31-41A4-BDA5-289871761A27}.Release|Any CPU.ActiveCfg = Release|Any CPU
		{B67F82C7-0A31-41A4-BDA5-289871761A27}.Release|Any CPU.Build.0 = Release|Any CPU
	EndGlobalSection
	GlobalSection(SolutionProperties) = preSolution
		HideSolutionNode = FALSE
	EndGlobalSection
	GlobalSection(ExtensibilityGlobals) = postSolution
		SolutionGuid = {6F139A8B-4903-4E8F-9604-24125F2D8FA3}
	EndGlobalSection
EndGlobal
